// !$*UTF8*$!
{
	archiveVersion = 1;
	classes = {
	};
	objectVersion = 46;
	objects = {

/* Begin PBXBuildFile section */
		07ABF7A11D837B3600773E7F /* AppDelegate.swift in Sources */ = {isa = PBXBuildFile; fileRef = 07ABF7A01D837B3600773E7F /* AppDelegate.swift */; };
		07ABF7A31D837B3600773E7F /* ViewController.swift in Sources */ = {isa = PBXBuildFile; fileRef = 07ABF7A21D837B3600773E7F /* ViewController.swift */; };
		07ABF7A61D837B3600773E7F /* Main.storyboard in Resources */ = {isa = PBXBuildFile; fileRef = 07ABF7A41D837B3600773E7F /* Main.storyboard */; };
		07ABF7A81D837B3600773E7F /* Assets.xcassets in Resources */ = {isa = PBXBuildFile; fileRef = 07ABF7A71D837B3600773E7F /* Assets.xcassets */; };
		07ABF7AB1D837B3600773E7F /* LaunchScreen.storyboard in Resources */ = {isa = PBXBuildFile; fileRef = 07ABF7A91D837B3600773E7F /* LaunchScreen.storyboard */; };
		07ABF7B61D837B3600773E7F /* Tap_OutTests.swift in Sources */ = {isa = PBXBuildFile; fileRef = 07ABF7B51D837B3600773E7F /* Tap_OutTests.swift */; };
		07ABF7C11D837B3600773E7F /* Tap_OutUITests.swift in Sources */ = {isa = PBXBuildFile; fileRef = 07ABF7C01D837B3600773E7F /* Tap_OutUITests.swift */; };
/* End PBXBuildFile section */

/* Begin PBXContainerItemProxy section */
		07ABF7B21D837B3600773E7F /* PBXContainerItemProxy */ = {
			isa = PBXContainerItemProxy;
			containerPortal = 07ABF7951D837B3500773E7F /* Project object */;
			proxyType = 1;
			remoteGlobalIDString = 07ABF79C1D837B3500773E7F;
			remoteInfo = "Tap-Out";
		};
		07ABF7BD1D837B3600773E7F /* PBXContainerItemProxy */ = {
			isa = PBXContainerItemProxy;
			containerPortal = 07ABF7951D837B3500773E7F /* Project object */;
			proxyType = 1;
			remoteGlobalIDString = 07ABF79C1D837B3500773E7F;
			remoteInfo = "Tap-Out";
		};
/* End PBXContainerItemProxy section */

/* Begin PBXFileReference section */
		07ABF79D1D837B3600773E7F /* Tap-Out.app */ = {isa = PBXFileReference; explicitFileType = wrapper.application; includeInIndex = 0; path = "Tap-Out.app"; sourceTree = BUILT_PRODUCTS_DIR; };
		07ABF7A01D837B3600773E7F /* AppDelegate.swift */ = {isa = PBXFileReference; lastKnownFileType = sourcecode.swift; path = AppDelegate.swift; sourceTree = "<group>"; };
		07ABF7A21D837B3600773E7F /* ViewController.swift */ = {isa = PBXFileReference; lastKnownFileType = sourcecode.swift; path = ViewController.swift; sourceTree = "<group>"; };
		07ABF7A51D837B3600773E7F /* Base */ = {isa = PBXFileReference; lastKnownFileType = file.storyboard; name = Base; path = Base.lproj/Main.storyboard; sourceTree = "<group>"; };
		07ABF7A71D837B3600773E7F /* Assets.xcassets */ = {isa = PBXFileReference; lastKnownFileType = folder.assetcatalog; path = Assets.xcassets; sourceTree = "<group>"; };
		07ABF7AA1D837B3600773E7F /* Base */ = {isa = PBXFileReference; lastKnownFileType = file.storyboard; name = Base; path = Base.lproj/LaunchScreen.storyboard; sourceTree = "<group>"; };
		07ABF7AC1D837B3600773E7F /* Info.plist */ = {isa = PBXFileReference; lastKnownFileType = text.plist.xml; path = Info.plist; sourceTree = "<group>"; };
		07ABF7B11D837B3600773E7F /* Tap-OutTests.xctest */ = {isa = PBXFileReference; explicitFileType = wrapper.cfbundle; includeInIndex = 0; path = "Tap-OutTests.xctest"; sourceTree = BUILT_PRODUCTS_DIR; };
		07ABF7B51D837B3600773E7F /* Tap_OutTests.swift */ = {isa = PBXFileReference; lastKnownFileType = sourcecode.swift; path = Tap_OutTests.swift; sourceTree = "<group>"; };
		07ABF7B71D837B3600773E7F /* Info.plist */ = {isa = PBXFileReference; lastKnownFileType = text.plist.xml; path = Info.plist; sourceTree = "<group>"; };
		07ABF7BC1D837B3600773E7F /* Tap-OutUITests.xctest */ = {isa = PBXFileReference; explicitFileType = wrapper.cfbundle; includeInIndex = 0; path = "Tap-OutUITests.xctest"; sourceTree = BUILT_PRODUCTS_DIR; };
		07ABF7C01D837B3600773E7F /* Tap_OutUITests.swift */ = {isa = PBXFileReference; lastKnownFileType = sourcecode.swift; path = Tap_OutUITests.swift; sourceTree = "<group>"; };
		07ABF7C21D837B3600773E7F /* Info.plist */ = {isa = PBXFileReference; lastKnownFileType = text.plist.xml; path = Info.plist; sourceTree = "<group>"; };
/* End PBXFileReference section */

/* Begin PBXFrameworksBuildPhase section */
		07ABF79A1D837B3500773E7F /* Frameworks */ = {
			isa = PBXFrameworksBuildPhase;
			buildActionMask = 2147483647;
			files = (
			);
			runOnlyForDeploymentPostprocessing = 0;
		};
		07ABF7AE1D837B3600773E7F /* Frameworks */ = {
			isa = PBXFrameworksBuildPhase;
			buildActionMask = 2147483647;
			files = (
			);
			runOnlyForDeploymentPostprocessing = 0;
		};
		07ABF7B91D837B3600773E7F /* Frameworks */ = {
			isa = PBXFrameworksBuildPhase;
			buildActionMask = 2147483647;
			files = (
			);
			runOnlyForDeploymentPostprocessing = 0;
		};
/* End PBXFrameworksBuildPhase section */

/* Begin PBXGroup section */
		07ABF7941D837B3500773E7F = {
			isa = PBXGroup;
			children = (
				07ABF79F1D837B3600773E7F /* Tap-Out */,
				07ABF7B41D837B3600773E7F /* Tap-OutTests */,
				07ABF7BF1D837B3600773E7F /* Tap-OutUITests */,
				07ABF79E1D837B3600773E7F /* Products */,
			);
			sourceTree = "<group>";
		};
		07ABF79E1D837B3600773E7F /* Products */ = {
			isa = PBXGroup;
			children = (
				07ABF79D1D837B3600773E7F /* Tap-Out.app */,
				07ABF7B11D837B3600773E7F /* Tap-OutTests.xctest */,
				07ABF7BC1D837B3600773E7F /* Tap-OutUITests.xctest */,
			);
			name = Products;
			sourceTree = "<group>";
		};
		07ABF79F1D837B3600773E7F /* Tap-Out */ = {
			isa = PBXGroup;
			children = (
				07ABF7A01D837B3600773E7F /* AppDelegate.swift */,
				07ABF7A21D837B3600773E7F /* ViewController.swift */,
				07ABF7A41D837B3600773E7F /* Main.storyboard */,
				07ABF7A71D837B3600773E7F /* Assets.xcassets */,
				07ABF7A91D837B3600773E7F /* LaunchScreen.storyboard */,
				07ABF7AC1D837B3600773E7F /* Info.plist */,
			);
			path = "Tap-Out";
			sourceTree = "<group>";
		};
		07ABF7B41D837B3600773E7F /* Tap-OutTests */ = {
			isa = PBXGroup;
			children = (
				07ABF7B51D837B3600773E7F /* Tap_OutTests.swift */,
				07ABF7B71D837B3600773E7F /* Info.plist */,
			);
			path = "Tap-OutTests";
			sourceTree = "<group>";
		};
		07ABF7BF1D837B3600773E7F /* Tap-OutUITests */ = {
			isa = PBXGroup;
			children = (
				07ABF7C01D837B3600773E7F /* Tap_OutUITests.swift */,
				07ABF7C21D837B3600773E7F /* Info.plist */,
			);
			path = "Tap-OutUITests";
			sourceTree = "<group>";
		};
/* End PBXGroup section */

/* Begin PBXNativeTarget section */
		07ABF79C1D837B3500773E7F /* Tap-Out */ = {
			isa = PBXNativeTarget;
			buildConfigurationList = 07ABF7C51D837B3600773E7F /* Build configuration list for PBXNativeTarget "Tap-Out" */;
			buildPhases = (
				07ABF7991D837B3500773E7F /* Sources */,
				07ABF79A1D837B3500773E7F /* Frameworks */,
				07ABF79B1D837B3500773E7F /* Resources */,
			);
			buildRules = (
			);
			dependencies = (
			);
			name = "Tap-Out";
			productName = "Tap-Out";
			productReference = 07ABF79D1D837B3600773E7F /* Tap-Out.app */;
			productType = "com.apple.product-type.application";
		};
		07ABF7B01D837B3600773E7F /* Tap-OutTests */ = {
			isa = PBXNativeTarget;
			buildConfigurationList = 07ABF7C81D837B3600773E7F /* Build configuration list for PBXNativeTarget "Tap-OutTests" */;
			buildPhases = (
				07ABF7AD1D837B3600773E7F /* Sources */,
				07ABF7AE1D837B3600773E7F /* Frameworks */,
				07ABF7AF1D837B3600773E7F /* Resources */,
			);
			buildRules = (
			);
			dependencies = (
				07ABF7B31D837B3600773E7F /* PBXTargetDependency */,
			);
			name = "Tap-OutTests";
			productName = "Tap-OutTests";
			productReference = 07ABF7B11D837B3600773E7F /* Tap-OutTests.xctest */;
			productType = "com.apple.product-type.bundle.unit-test";
		};
		07ABF7BB1D837B3600773E7F /* Tap-OutUITests */ = {
			isa = PBXNativeTarget;
			buildConfigurationList = 07ABF7CB1D837B3600773E7F /* Build configuration list for PBXNativeTarget "Tap-OutUITests" */;
			buildPhases = (
				07ABF7B81D837B3600773E7F /* Sources */,
				07ABF7B91D837B3600773E7F /* Frameworks */,
				07ABF7BA1D837B3600773E7F /* Resources */,
			);
			buildRules = (
			);
			dependencies = (
				07ABF7BE1D837B3600773E7F /* PBXTargetDependency */,
			);
			name = "Tap-OutUITests";
			productName = "Tap-OutUITests";
			productReference = 07ABF7BC1D837B3600773E7F /* Tap-OutUITests.xctest */;
			productType = "com.apple.product-type.bundle.ui-testing";
		};
/* End PBXNativeTarget section */

/* Begin PBXProject section */
		07ABF7951D837B3500773E7F /* Project object */ = {
			isa = PBXProject;
			attributes = {
				LastSwiftUpdateCheck = 0730;
				LastUpgradeCheck = 0730;
				ORGANIZATIONNAME = "Eric Snell";
				TargetAttributes = {
					07ABF79C1D837B3500773E7F = {
						CreatedOnToolsVersion = 7.3.1;
					};
					07ABF7B01D837B3600773E7F = {
						CreatedOnToolsVersion = 7.3.1;
						TestTargetID = 07ABF79C1D837B3500773E7F;
					};
					07ABF7BB1D837B3600773E7F = {
						CreatedOnToolsVersion = 7.3.1;
						TestTargetID = 07ABF79C1D837B3500773E7F;
					};
				};
			};
			buildConfigurationList = 07ABF7981D837B3500773E7F /* Build configuration list for PBXProject "Tap-Out" */;
			compatibilityVersion = "Xcode 3.2";
			developmentRegion = English;
			hasScannedForEncodings = 0;
			knownRegions = (
				en,
				Base,
			);
			mainGroup = 07ABF7941D837B3500773E7F;
			productRefGroup = 07ABF79E1D837B3600773E7F /* Products */;
			projectDirPath = "";
			projectRoot = "";
			targets = (
				07ABF79C1D837B3500773E7F /* Tap-Out */,
				07ABF7B01D837B3600773E7F /* Tap-OutTests */,
				07ABF7BB1D837B3600773E7F /* Tap-OutUITests */,
			);
		};
/* End PBXProject section */

/* Begin PBXResourcesBuildPhase section */
		07ABF79B1D837B3500773E7F /* Resources */ = {
			isa = PBXResourcesBuildPhase;
			buildActionMask = 2147483647;
			files = (
				07ABF7AB1D837B3600773E7F /* LaunchScreen.storyboard in Resources */,
				07ABF7A81D837B3600773E7F /* Assets.xcassets in Resources */,
				07ABF7A61D837B3600773E7F /* Main.storyboard in Resources */,
			);
			runOnlyForDeploymentPostprocessing = 0;
		};
		07ABF7AF1D837B3600773E7F /* Resources */ = {
			isa = PBXResourcesBuildPhase;
			buildActionMask = 2147483647;
			files = (
			);
			runOnlyForDeploymentPostprocessing = 0;
		};
		07ABF7BA1D837B3600773E7F /* Resources */ = {
			isa = PBXResourcesBuildPhase;
			buildActionMask = 2147483647;
			files = (
			);
			runOnlyForDeploymentPostprocessing = 0;
		};
/* End PBXResourcesBuildPhase section */

/* Begin PBXSourcesBuildPhase section */
		07ABF7991D837B3500773E7F /* Sources */ = {
			isa = PBXSourcesBuildPhase;
			buildActionMask = 2147483647;
			files = (
				07ABF7A31D837B3600773E7F /* ViewController.swift in Sources */,
				07ABF7A11D837B3600773E7F /* AppDelegate.swift in Sources */,
			);
			runOnlyForDeploymentPostprocessing = 0;
		};
		07ABF7AD1D837B3600773E7F /* Sources */ = {
			isa = PBXSourcesBuildPhase;
			buildActionMask = 2147483647;
			files = (
				07ABF7B61D837B3600773E7F /* Tap_OutTests.swift in Sources */,
			);
			runOnlyForDeploymentPostprocessing = 0;
		};
		07ABF7B81D837B3600773E7F /* Sources */ = {
			isa = PBXSourcesBuildPhase;
			buildActionMask = 2147483647;
			files = (
				07ABF7C11D837B3600773E7F /* Tap_OutUITests.swift in Sources */,
			);
			runOnlyForDeploymentPostprocessing = 0;
		};
/* End PBXSourcesBuildPhase section */

/* Begin PBXTargetDependency section */
		07ABF7B31D837B3600773E7F /* PBXTargetDependency */ = {
			isa = PBXTargetDependency;
			target = 07ABF79C1D837B3500773E7F /* Tap-Out */;
			targetProxy = 07ABF7B21D837B3600773E7F /* PBXContainerItemProxy */;
		};
		07ABF7BE1D837B3600773E7F /* PBXTargetDependency */ = {
			isa = PBXTargetDependency;
			target = 07ABF79C1D837B3500773E7F /* Tap-Out */;
			targetProxy = 07ABF7BD1D837B3600773E7F /* PBXContainerItemProxy */;
		};
/* End PBXTargetDependency section */

/* Begin PBXVariantGroup section */
		07ABF7A41D837B3600773E7F /* Main.storyboard */ = {
			isa = PBXVariantGroup;
			children = (
				07ABF7A51D837B3600773E7F /* Base */,
			);
			name = Main.storyboard;
			sourceTree = "<group>";
		};
		07ABF7A91D837B3600773E7F /* LaunchScreen.storyboard */ = {
			isa = PBXVariantGroup;
			children = (
				07ABF7AA1D837B3600773E7F /* Base */,
			);
			name = LaunchScreen.storyboard;
			sourceTree = "<group>";
		};
/* End PBXVariantGroup section */

/* Begin XCBuildConfiguration section */
		07ABF7C31D837B3600773E7F /* Debug */ = {
			isa = XCBuildConfiguration;
			buildSettings = {
				ALWAYS_SEARCH_USER_PATHS = NO;
				CLANG_ANALYZER_NONNULL = YES;
				CLANG_CXX_LANGUAGE_STANDARD = "gnu++0x";
				CLANG_CXX_LIBRARY = "libc++";
				CLANG_ENABLE_MODULES = YES;
				CLANG_ENABLE_OBJC_ARC = YES;
				CLANG_WARN_BOOL_CONVERSION = YES;
				CLANG_WARN_CONSTANT_CONVERSION = YES;
				CLANG_WARN_DIRECT_OBJC_ISA_USAGE = YES_ERROR;
				CLANG_WARN_EMPTY_BODY = YES;
				CLANG_WARN_ENUM_CONVERSION = YES;
				CLANG_WARN_INT_CONVERSION = YES;
				CLANG_WARN_OBJC_ROOT_CLASS = YES_ERROR;
				CLANG_WARN_UNREACHABLE_CODE = YES;
				CLANG_WARN__DUPLICATE_METHOD_MATCH = YES;
				"CODE_SIGN_IDENTITY[sdk=iphoneos*]" = "iPhone Developer";
				COPY_PHASE_STRIP = NO;
				DEBUG_INFORMATION_FORMAT = dwarf;
				ENABLE_STRICT_OBJC_MSGSEND = YES;
				ENABLE_TESTABILITY = YES;
				GCC_C_LANGUAGE_STANDARD = gnu99;
				GCC_DYNAMIC_NO_PIC = NO;
				GCC_NO_COMMON_BLOCKS = YES;
				GCC_OPTIMIZATION_LEVEL = 0;
				GCC_PREPROCESSOR_DEFINITIONS = (
					"DEBUG=1",
					"$(inherited)",
				);
				GCC_WARN_64_TO_32_BIT_CONVERSION = YES;
				GCC_WARN_ABOUT_RETURN_TYPE = YES_ERROR;
				GCC_WARN_UNDECLARED_SELECTOR = YES;
				GCC_WARN_UNINITIALIZED_AUTOS = YES_AGGRESSIVE;
				GCC_WARN_UNUSED_FUNCTION = YES;
				GCC_WARN_UNUSED_VARIABLE = YES;
				IPHONEOS_DEPLOYMENT_TARGET = 9.3;
				MTL_ENABLE_DEBUG_INFO = YES;
				ONLY_ACTIVE_ARCH = YES;
				SDKROOT = iphoneos;
				SWIFT_OPTIMIZATION_LEVEL = "-Onone";
			};
			name = Debug;
		};
		07ABF7C41D837B3600773E7F /* Release */ = {
			isa = XCBuildConfiguration;
			buildSettings = {
				ALWAYS_SEARCH_USER_PATHS = NO;
				CLANG_ANALYZER_NONNULL = YES;
				CLANG_CXX_LANGUAGE_STANDARD = "gnu++0x";
				CLANG_CXX_LIBRARY = "libc++";
				CLANG_ENABLE_MODULES = YES;
				CLANG_ENABLE_OBJC_ARC = YES;
				CLANG_WARN_BOOL_CONVERSION = YES;
				CLANG_WARN_CONSTANT_CONVERSION = YES;
				CLANG_WARN_DIRECT_OBJC_ISA_USAGE = YES_ERROR;
				CLANG_WARN_EMPTY_BODY = YES;
				CLANG_WARN_ENUM_CONVERSION = YES;
				CLANG_WARN_INT_CONVERSION = YES;
				CLANG_WARN_OBJC_ROOT_CLASS = YES_ERROR;
				CLANG_WARN_UNREACHABLE_CODE = YES;
				CLANG_WARN__DUPLICATE_METHOD_MATCH = YES;
				"CODE_SIGN_IDENTITY[sdk=iphoneos*]" = "iPhone Developer";
				COPY_PHASE_STRIP = NO;
				DEBUG_INFORMATION_FORMAT = "dwarf-with-dsym";
				ENABLE_NS_ASSERTIONS = NO;
				ENABLE_STRICT_OBJC_MSGSEND = YES;
				GCC_C_LANGUAGE_STANDARD = gnu99;
				GCC_NO_COMMON_BLOCKS = YES;
				GCC_WARN_64_TO_32_BIT_CONVERSION = YES;
				GCC_WARN_ABOUT_RETURN_TYPE = YES_ERROR;
				GCC_WARN_UNDECLARED_SELECTOR = YES;
				GCC_WARN_UNINITIALIZED_AUTOS = YES_AGGRESSIVE;
				GCC_WARN_UNUSED_FUNCTION = YES;
				GCC_WARN_UNUSED_VARIABLE = YES;
				IPHONEOS_DEPLOYMENT_TARGET = 9.3;
				MTL_ENABLE_DEBUG_INFO = NO;
				SDKROOT = iphoneos;
				VALIDATE_PRODUCT = YES;
			};
			name = Release;
		};
		07ABF7C61D837B3600773E7F /* Debug */ = {
			isa = XCBuildConfiguration;
			buildSettings = {
				ASSETCATALOG_COMPILER_APPICON_NAME = AppIcon;
				INFOPLIST_FILE = "Tap-Out/Info.plist";
				LD_RUNPATH_SEARCH_PATHS = "$(inherited) @executable_path/Frameworks";
				PRODUCT_BUNDLE_IDENTIFIER = "NA.Tap-Out";
				PRODUCT_NAME = "$(TARGET_NAME)";
			};
			name = Debug;
		};
		07ABF7C71D837B3600773E7F /* Release */ = {
			isa = XCBuildConfiguration;
			buildSettings = {
				ASSETCATALOG_COMPILER_APPICON_NAME = AppIcon;
				INFOPLIST_FILE = "Tap-Out/Info.plist";
				LD_RUNPATH_SEARCH_PATHS = "$(inherited) @executable_path/Frameworks";
				PRODUCT_BUNDLE_IDENTIFIER = "NA.Tap-Out";
				PRODUCT_NAME = "$(TARGET_NAME)";
			};
			name = Release;
		};
		07ABF7C91D837B3600773E7F /* Debug */ = {
			isa = XCBuildConfiguration;
			buildSettings = {
				BUNDLE_LOADER = "$(TEST_HOST)";
				INFOPLIST_FILE = "Tap-OutTests/Info.plist";
				LD_RUNPATH_SEARCH_PATHS = "$(inherited) @executable_path/Frameworks @loader_path/Frameworks";
				PRODUCT_BUNDLE_IDENTIFIER = "NA.Tap-OutTests";
				PRODUCT_NAME = "$(TARGET_NAME)";
				TEST_HOST = "$(BUILT_PRODUCTS_DIR)/Tap-Out.app/Tap-Out";
			};
			name = Debug;
		};
		07ABF7CA1D837B3600773E7F /* Release */ = {
			isa = XCBuildConfiguration;
			buildSettings = {
				BUNDLE_LOADER = "$(TEST_HOST)";
				INFOPLIST_FILE = "Tap-OutTests/Info.plist";
				LD_RUNPATH_SEARCH_PATHS = "$(inherited) @executable_path/Frameworks @loader_path/Frameworks";
				PRODUCT_BUNDLE_IDENTIFIER = "NA.Tap-OutTests";
				PRODUCT_NAME = "$(TARGET_NAME)";
				TEST_HOST = "$(BUILT_PRODUCTS_DIR)/Tap-Out.app/Tap-Out";
			};
			name = Release;
		};
		07ABF7CC1D837B3600773E7F /* Debug */ = {
			isa = XCBuildConfiguration;
			buildSettings = {
				INFOPLIST_FILE = "Tap-OutUITests/Info.plist";
				LD_RUNPATH_SEARCH_PATHS = "$(inherited) @executable_path/Frameworks @loader_path/Frameworks";
				PRODUCT_BUNDLE_IDENTIFIER = "NA.Tap-OutUITests";
				PRODUCT_NAME = "$(TARGET_NAME)";
				TEST_TARGET_NAME = "Tap-Out";
			};
			name = Debug;
		};
		07ABF7CD1D837B3600773E7F /* Release */ = {
			isa = XCBuildConfiguration;
			buildSettings = {
				INFOPLIST_FILE = "Tap-OutUITests/Info.plist";
				LD_RUNPATH_SEARCH_PATHS = "$(inherited) @executable_path/Frameworks @loader_path/Frameworks";
				PRODUCT_BUNDLE_IDENTIFIER = "NA.Tap-OutUITests";
				PRODUCT_NAME = "$(TARGET_NAME)";
				TEST_TARGET_NAME = "Tap-Out";
			};
			name = Release;
		};
/* End XCBuildConfiguration section */

/* Begin XCConfigurationList section */
		07ABF7981D837B3500773E7F /* Build configuration list for PBXProject "Tap-Out" */ = {
			isa = XCConfigurationList;
			buildConfigurations = (
				07ABF7C31D837B3600773E7F /* Debug */,
				07ABF7C41D837B3600773E7F /* Release */,
			);
			defaultConfigurationIsVisible = 0;
			defaultConfigurationName = Release;
		};
		07ABF7C51D837B3600773E7F /* Build configuration list for PBXNativeTarget "Tap-Out" */ = {
			isa = XCConfigurationList;
			buildConfigurations = (
				07ABF7C61D837B3600773E7F /* Debug */,
				07ABF7C71D837B3600773E7F /* Release */,
			);
			defaultConfigurationIsVisible = 0;
		};
		07ABF7C81D837B3600773E7F /* Build configuration list for PBXNativeTarget "Tap-OutTests" */ = {
			isa = XCConfigurationList;
			buildConfigurations = (
				07ABF7C91D837B3600773E7F /* Debug */,
				07ABF7CA1D837B3600773E7F /* Release */,
			);
			defaultConfigurationIsVisible = 0;
		};
		07ABF7CB1D837B3600773E7F /* Build configuration list for PBXNativeTarget "Tap-OutUITests" */ = {
			isa = XCConfigurationList;
			buildConfigurations = (
				07ABF7CC1D837B3600773E7F /* Debug */,
				07ABF7CD1D837B3600773E7F /* Release */,
			);
			defaultConfigurationIsVisible = 0;
		};
/* End XCConfigurationList section */
	};
	rootObject = 07ABF7951D837B3500773E7F /* Project object */;
}
